
Microsoft Visual Studio Solution File, Format Version 12.00
# Visual Studio 15
VisualStudioVersion = 15.0.26430.14
MinimumVisualStudioVersion = 10.0.40219.1
Project("{FAE04EC0-301F-11D3-BF4B-00C04F79EFBC}") = "MatchedBettingAssistant", "MatchedBettingAssistant\MatchedBettingAssistant.csproj", "{0C3A6F22-7712-47FE-AB0E-380B591842DD}"
EndProject
Project("{FAE04EC0-301F-11D3-BF4B-00C04F79EFBC}") = "MatchedBettingAssistant.Model.Tests", "MatchedBettingAssistantTests\MatchedBettingAssistant.Model.Tests.csproj", "{631D6239-74E3-4440-9455-C8D702CF50C2}"
EndProject
Project("{FAE04EC0-301F-11D3-BF4B-00C04F79EFBC}") = "MatchedBettingAssistant.Model", "MatchedBettingAssistant.Model\MatchedBettingAssistant.Model.csproj", "{691736F1-EA71-49E8-8DE1-AA702076D8E2}"
EndProject
Project("{FAE04EC0-301F-11D3-BF4B-00C04F79EFBC}") = "MatchedBettingAssistant.DataAccess", "MatchedBettingAssistant.DataAccess\MatchedBettingAssistant.DataAccess.csproj", "{E5C52107-3DD7-4251-AD08-39E50D442516}"
EndProject
Project("{FAE04EC0-301F-11D3-BF4B-00C04F79EFBC}") = "MatchedBettingAssistant.Core", "MatchedBettingAssistant.Core\MatchedBettingAssistant.Core.csproj", "{25AA8178-0D06-4F8A-A83E-8A954D25AF1F}"
EndProject
Global
	GlobalSection(SolutionConfigurationPlatforms) = preSolution
		Debug|Any CPU = Debug|Any CPU
		Release|Any CPU = Release|Any CPU
	EndGlobalSection
	GlobalSection(ProjectConfigurationPlatforms) = postSolution
		{0C3A6F22-7712-47FE-AB0E-380B591842DD}.Debug|Any CPU.ActiveCfg = Debug|Any CPU
		{0C3A6F22-7712-47FE-AB0E-380B591842DD}.Debug|Any CPU.Build.0 = Debug|Any CPU
		{0C3A6F22-7712-47FE-AB0E-380B591842DD}.Release|Any CPU.ActiveCfg = Release|Any CPU
		{0C3A6F22-7712-47FE-AB0E-380B591842DD}.Release|Any CPU.Build.0 = Release|Any CPU
		{631D6239-74E3-4440-9455-C8D702CF50C2}.Debug|Any CPU.ActiveCfg = Debug|Any CPU
		{631D6239-74E3-4440-9455-C8D702CF50C2}.Debug|Any CPU.Build.0 = Debug|Any CPU
		{631D6239-74E3-4440-9455-C8D702CF50C2}.Release|Any CPU.ActiveCfg = Release|Any CPU
		{631D6239-74E3-4440-9455-C8D702CF50C2}.Release|Any CPU.Build.0 = Release|Any CPU
		{691736F1-EA71-49E8-8DE1-AA702076D8E2}.Debug|Any CPU.ActiveCfg = Debug|Any CPU
		{691736F1-EA71-49E8-8DE1-AA702076D8E2}.Debug|Any CPU.Build.0 = Debug|Any CPU
		{691736F1-EA71-49E8-8DE1-AA702076D8E2}.Release|Any CPU.ActiveCfg = Release|Any CPU
		{691736F1-EA71-49E8-8DE1-AA702076D8E2}.Release|Any CPU.Build.0 = Release|Any CPU
		{E5C52107-3DD7-4251-AD08-39E50D442516}.Debug|Any CPU.ActiveCfg = Debug|Any CPU
		{E5C52107-3DD7-4251-AD08-39E50D442516}.Debug|Any CPU.Build.0 = Debug|Any CPU
		{E5C52107-3DD7-4251-AD08-39E50D442516}.Release|Any CPU.ActiveCfg = Release|Any CPU
		{E5C52107-3DD7-4251-AD08-39E50D442516}.Release|Any CPU.Build.0 = Release|Any CPU
		{25AA8178-0D06-4F8A-A83E-8A954D25AF1F}.Debug|Any CPU.ActiveCfg = Debug|Any CPU
		{25AA8178-0D06-4F8A-A83E-8A954D25AF1F}.Debug|Any CPU.Build.0 = Debug|Any CPU
		{25AA8178-0D06-4F8A-A83E-8A954D25AF1F}.Release|Any CPU.ActiveCfg = Release|Any CPU
		{25AA8178-0D06-4F8A-A83E-8A954D25AF1F}.Release|Any CPU.Build.0 = Release|Any CPU
	EndGlobalSection
	GlobalSection(SolutionProperties) = preSolution
		HideSolutionNode = FALSE
	EndGlobalSection
	GlobalSection(ExtensibilityGlobals) = postSolution
		SolutionGuid = {0806C484-0CDE-4526-9DE5-A454DBD17514}
	EndGlobalSection
EndGlobal
